basedpyright==1.39.10 \
    --hash=sha256:c8eaf5302f3265e275c7df4fba194d7afa7c1cb53fbfd448e90098360aca2c2e \
    --hash=sha256:cbd75d83c0be841329bcfef2d2f1182f152a6d975b8eb199e75cf5b8e9a3de78
colorama==0.4.6 ; sys_platform == 'win32' \
    --hash=sha256:08695f5cb7ed6e0531a20572697297273c47b8cae5a63ffc6d6ed5c201be6e44 \
    --hash=sha256:4f1d9991f5acc0ca119f9d443620b77f9d6b33703e51011c16baf57afb285fc6
iniconfig==2.3.0 \
    --hash=sha256:c76315c77db068650d49c5b56314774a7804df16fee4402c1f19d6d15d8c4730 \
    --hash=sha256:f631c04d2c48c52b84d0d0549c99ff3859c98df65b3101406327ecc7d53fbf12
itk==5.4.7 \
    --hash=sha256:049c9a2856781a626cf478b13789daf1e7a3f73972b1208ce7618167a677f2c5 \
    --hash=sha256:33eab319cedab38c3854d9a7ab1fde1cb411520d80f4cdcd0b41b07fa28e191d \
    --hash=sha256:343ba9fbfbb35ea23e909cb833ac3f7d6d7bcb8a28b7cf10e53edbd8a730ce4c \
    --hash=sha256:565504820d4017a678f872860923d02ae27701d934eb682fd9c4b664ac28202d \
    --hash=sha256:56ca4981924ed2ba30503c319dcdb63981504c0927aa68afd33468f33c44ecb3 \
    --hash=sha256:8001a2ab59b606f68d9471d13f4db6e129b8a62782050f6f8fbb7c61de99e948 \
    --hash=sha256:818173ff6920f85d80f54529f66b0cbee90f47dd765aa7f5aa4bc1220112afd4 \
    --hash=sha256:9297419ccac8f0fd455ce08f4ba0580632f7be43c28c02ad0cbdeb19cd0c211e \
    --hash=sha256:9da341670488404330c4d98033652c6de28266fc2a1936ff1af3099355fe3a6e \
    --hash=sha256:a5924fdc91cadafe68abfec8f217598faa3a1c008370153c2df56de639fb44c2 \
    --hash=sha256:c0d46302074ec16ee19a49cd51a87552bec1d191e97405274f53e8e7e2dc4be8 \
    --hash=sha256:c7c254419071b178bdf3b50b5542aaef5de3b54bc524b1f6fea72c62f531e590 \
    --hash=sha256:d4c3311b3294697adef1785867f0c60f2314bc2ce202ff528dfab38f2b0a4e5b \
    --hash=sha256:d74574c8a0196e82788e6f9991ee05ed5935d2d42e2209ef540fce9274cf2eb4 \
    --hash=sha256:d8c0b81de6bab587df54cde137cb9aac6bfb8f3b1ec6dd5cba79f6a13d2d4a29 \
    --hash=sha256:dc487bb38fa7ae67c3329afa88c0ebfd140f4723f8d6041293ad774ac2a7ad0f \
    --hash=sha256:e6483cae572030e7b570c33a45c1b8dd052b406be73354f8df9d563ff7951f18 \
    --hash=sha256:f2ae79ad0a63ab4ad61fa630e8564ab5bac4fea1c4aad4db2f52bac4f460dffc
itk-core==5.4.7 \
    --hash=sha256:078b71db0d21ef23ed6b551dcff467e8502db2ae37d1edb47e927b7f51c9769f \
    --hash=sha256:0b72724debada144d29af565307c7d6da05bdf6e48df59c1f8e5bfd0221ca892 \
    --hash=sha256:0d5340520daf3bdee990a42df9f2fe5bb32cdda20e58e832b628b4f8827ec62a \
    --hash=sha256:2376ec47ea1571427275bdd5f382cd09f650b096e75a71c8f09683af6d3661b0 \
    --hash=sha256:3521d3042b244aaaf3bf2515b02dae931909ea54f864158fd1c874e2f95c5734 \
    --hash=sha256:3961d1eb7a2e1fb28b9ec74ae3c55bab177bd7536ed1b423078e0428a9f0fbfb \
    --hash=sha256:648749d347b9d0673e87edbe934bc32e93c9cd82ee1c5546291a9eca921b9186 \
    --hash=sha256:670d956587125a3905c68759c0306f6e3f5a59f202dc372059f37fedaa19ccbf \
    --hash=sha256:7bee67d1a8dfcfd258ca10c86485526250bff30ea8445e3a987952485b25bae2 \
    --hash=sha256:7e6e7f42f7c7017c19c0462080909ebb3e39ffefc131f4048aa8f749812cc112 \
    --hash=sha256:850bddbf7f8682a774a0ef96d9fdad6283617213c02dd247263ecefca4bf17c4 \
    --hash=sha256:8b8c42cfd86d0be761b4a9e8b13e72d14f4e7ec8eff96fbd7b775f42f8daed2a \
    --hash=sha256:a48dd8ab99de8d4a758932c1923ef05bbc148d0aba6f07425c2fc69c5c323787 \
    --hash=sha256:c16055aa7f7c528d0e474987c54a440b12009e5d72ae313719ca8bc3f36f7678 \
    --hash=sha256:d16110e8fc530a0eb53c6b967ec05310bb6ef909fed1cedb5988b9231d5e3e3f \
    --hash=sha256:d7c5439d05e28444a153851cfdbc1807efc8ac39e401daab98c3f874b89f6d44 \
    --hash=sha256:f24c6a1e338e864e1c0ef39c009c7eee8eed040cce2ef8c6981868264b255dbb \
    --hash=sha256:f9f8f8c8c47c13d0a049469b819f88f982c7772533313ae8885190eb988a9bcf
itk-filtering==5.4.7 \
    --hash=sha256:00a4a98a877ab7ee55610b18b912720f5cbfed90581d059e16a5cc8df4c4b0b8 \
    --hash=sha256:3141e34cbbcb0de3c97d5b80919f05a87459943779888da93569c015c5fd57f9 \
    --hash=sha256:3c29348abc0a24d668818c0651702e11c69a946053511baf588713ec5f60fdfa \
    --hash=sha256:4039494c48938d20ed7ce2a0c5680902b7160af1e5f8d4c511be5b8507404b8e \
    --hash=sha256:46071be2e860f5765e05f5e4f5e078c12b02c6bad45f574ba65790c7be3990ce \
    --hash=sha256:6afd32938f597307f874213e5af77c5b494ed2b037a558c10c1c72301143d3fc \
    --hash=sha256:7316b53dba8ec0676aa8e31fd64c003e6d2669bfbbebf8084386691847cd7935 \
    --hash=sha256:7aa957773ca63d44e77f3fdea33c914ce5d2eb72922ffacc6531112e8a91f2b0 \
    --hash=sha256:8fabfbed368dddc9aa4dcfd546b5c51a3d29e5c628011e1acbcb5d1b49afb362 \
    --hash=sha256:93f360b1b2c0ddfee8360f83f53e34affaf8c13ae61cdcf1edbed417fabf2354 \
    --hash=sha256:9e74898577ad62567aa684637ac5c94899a662269118dcbc0094bce94e5c10a2 \
    --hash=sha256:a5b88431bc519c1f5c3988e53a70ca16767e1e6333a26ef3bc12b35ab4721496 \
    --hash=sha256:aa369124983338e8fd6e1a9a647d5bc477a995f93219d8b5493720206c05625f \
    --hash=sha256:b58d9ba716b8d4765293aa3885560e001858bd8f7c14665b5e72e171b5ec6391 \
    --hash=sha256:c079267dd8a66a021d4b447567630e6c7d90fc612a51bac38e87fbdf8bc45a83 \
    --hash=sha256:c80863966961b871706c51e19c0b4d5b51267f69bae47b018270baafef75c8df \
    --hash=sha256:ced346599ebf3f0437263c167099615304519f279e01036fa428919df070cea8 \
    --hash=sha256:f18a1553e7f11a1eee6cf42d597f72fb7773f6a415ddeb2c9672ea75b4750a73
itk-io==5.4.7 \
    --hash=sha256:0c9562c06b8be544611173fa5f9ec7798dcf33a55d93b540649f4197ea1cb170 \
    --hash=sha256:0f6423bc79ae84ccf93db9c36ad963eac2fc01eb3731a6d333fe7f3931d4f3cd \
    --hash=sha256:1a223e965ef3d37c9ab3eb419406b2618496608b82044196f5e0612665be6b87 \
    --hash=sha256:228ca76d5a1b238a0d88a88dae1f0ba147beeb5e4109d3c681b2dc5fd00ae9f7 \
    --hash=sha256:3de7b45085dbd25281a590ebf9c6b1dafbaeff080eceabc8eb0d7fb3c5394876 \
    --hash=sha256:6dd6b1b8362fabb517f9a4de1a2fe99b4a92f0dc983beb32836307041a9b2921 \
    --hash=sha256:74411ac9aed856a2133f2447ee747c38fb8e347e48b4537e2e8b49ad70e4020d \
    --hash=sha256:8c7e6a7842137fd360d80e80d9c26618df9662114d6c98f12b24be9be769da43 \
    --hash=sha256:a1b67764abd71a0dd5b9827ad400db2eae6a9a777a185b51681d61961c5bde2a \
    --hash=sha256:a2af543cc0e2dea6549fca6af0fd08ed84cd92b34c3f25bda5e01b4000ec7d2f \
    --hash=sha256:b358cadd8fa6283223535f23fb362f4fec8142119dd04dcbae5d85b6f9cab0bd \
    --hash=sha256:b5242e7cf3b7dd4a01478844a5421e637c9b860ad5c7620ef4019398d96efdc0 \
    --hash=sha256:c6565c1942fd7cd0e0dce95e6682c0e45a9a75fd0d2bfc3dbba64d5e1f397db8 \
    --hash=sha256:cbc655fbf3428613bf6bfc142f58fba8b52bd8f67c831dbe0f268e4f060ac84b \
    --hash=sha256:d158bb1cd9746238a11717ec63a05006b5dfd14c4699a0edc2ab42c02c492532 \
    --hash=sha256:db4219a73977d499ce03dd148c73a8f2d4cc9010d1430b259ab8c2c60aac821e \
    --hash=sha256:f750bb8056152c1b47bad643269f4c877182d2fbcac85441f4c9db523c61f2d5 \
    --hash=sha256:fe73b849087db7afe4c42030e1364fed0cd478f52b4d16229c1d9a6af0cebd31
itk-numerics==5.4.7 \
    --hash=sha256:09b3dc9efbf75ba827c03edbfc6214bfad86a643c517a19014eb37969bb139a5 \
    --hash=sha256:184dea905f5a6af6fa72750d5831baf48b59c2cc7070f345281e18918b33fed3 \
    --hash=sha256:1c4ec9266c4c071aa1477e37ea5a936c49df77e52ac3efd3ba418200b7d5bf03 \
    --hash=sha256:1dff959b54f7fcb048016f61b49f37c4f0d056a02d68403395821bab38806e63 \
    --hash=sha256:473925bdabcb7c5feebef03c6fde4bc916c577776f8b9bfea69e826d7855d668 \
    --hash=sha256:592d1da49db4e98930cf18915c0f4242a25aed08b6dd14ccfb126b023f9ea5f3 \
    --hash=sha256:5db77d3aa0301aa711c9636ee227148dbcd6fab149e5f9e6511166f893ea4f3f \
    --hash=sha256:86586ff1ff2a07c2c2fbfc3ba50e1fd21efc705a30ba015d1a30972cfa218308 \
    --hash=sha256:a97fee92ce32ccf7fec8515e6774ed99ae8bd984e9fc471940f2aa0f2fc63b5b \
    --hash=sha256:ac30ce99c544894820e9a4382aadeed498abe6cc3c21b29260ff88e4c9313521 \
    --hash=sha256:b6f800e89fbbb16f0da3bbbff309455a6ede03df16c1c60cf71dee92ab5460c7 \
    --hash=sha256:ba1a01be22ca4a90c99d928e1361b822b335758157749e5f7a8dc8503ec0e6cc \
    --hash=sha256:bd216c9fe8ed3ccf29c6f292c553f6fbbcac7e5f84abc1bc7f808cf86a5c8ed5 \
    --hash=sha256:d0604646e4fb8537d7528d37b35468054e61b7ee79353d34f01b8d60dfd2cfe1 \
    --hash=sha256:e37390e4527b62bd6bbe162676c1cad818635794c24742547cb64fc3c7e23860 \
    --hash=sha256:e750ac7a4e1510642a15b501e83546cc25eef0dd5cb27bde1134fa03bfc3b1e4 \
    --hash=sha256:ef9fea78cefa55fdd5138920ec85212c3cd5e5eb882bec66122ea4b234844ea0 \
    --hash=sha256:f6ce075c82ea84e3f1e09ace2bcc755777b51f3f67d41e1707614166ebc440a1
itk-registration==5.4.7 \
    --hash=sha256:0f6127ddc3d542c9ee1cf52c358b2dc4fccc1829d86578b128930a2e30e01ce2 \
    --hash=sha256:1675047bc637bfb039ebd6fe08f2567ac28c04ecabf0ece88067b1e182ba7ce8 \
    --hash=sha256:1dc2bcf5efc8a4e6cea88a8054a3b02cb079dbe1bf88971f1a2519ba12ccc6ef \
    --hash=sha256:2efa16df50323f2f46c9e9ad20201ba959e36629821da0bca4261eb343cecd34 \
    --hash=sha256:3190ab55c41e9c33d036979cc384bd02d5f25c4b58896906da24700d10eca057 \
    --hash=sha256:5631d3895b0e0a6728310671e19a971d55a5d0d1a11d5e2f1272ba50310a333e \
    --hash=sha256:5a907e8ebe67ae3a36eedb85bdfea5efc3e6c934a07e3c373e252c53b7de21e9 \
    --hash=sha256:6d73bb209888ecadd930fb70a39614cbd17de5f2de950fcfe0230ff2bb6e9372 \
    --hash=sha256:793f5d77ef860dc9ade9de8fb89fad83d3eadb0db418e55106a9416fcbcfb536 \
    --hash=sha256:7f5c2dead2fd9e957cdd9768035ab811fbc2b735257861bf0ffb8ba314168c25 \
    --hash=sha256:822d484fb24bcc7df3b151ad868b4b6f9cdb93356c24d3e6eee674bc51487d58 \
    --hash=sha256:9c5158483675a477952fc66db3aa11a9f25234f887d420d826b82812c59ebf6e \
    --hash=sha256:b6e67cd35592e36bfb8b057b02a3d2dd8a1c2d2114ed4f74d9e340019b0197f1 \
    --hash=sha256:bffb393baaf250513785919867524b2075eee3695a90f14846a3bfafe9b73e7c \
    --hash=sha256:d2756c2a86218aca1682ad13ec9d7b4fd32120f0ff335080691e42d11fb506b8 \
    --hash=sha256:d71e4af418aaf5d4846aaf2615e3bace9aef75ee78a9667a9455ed3016a3f645 \
    --hash=sha256:dc6416dc5a612e887e0150ba2d8789db8d2279a9c7ca148bd1f2e9f4704ecbaa \
    --hash=sha256:ffe04e6e3c8b32c39d4e6c7fcef33c32599d3fbf2310ee06317d44fcc707610f
itk-rtk==2.7.0.post1 \
    --hash=sha256:0c9013a88e74731e2dfb7e575512872182d4af6113234fff891ed773525673c0 \
    --hash=sha256:0fc9a7a53ddcce5e8c5f7de353ff24211bf9c4016bac0af7fe438f6d9d1e3964 \
    --hash=sha256:197da6c597f4a84c9b8b73b772b946cac4d29ee72a890c80d578123e163b35bc \
    --hash=sha256:22e681e8349aa2998f3dc01a13a4743f66570514a3620b20bcab0e21ae1bbcee \
    --hash=sha256:278e19365e492816b330b88c7b21f0fd1d6494ce37751ab91e32aff654111159 \
    --hash=sha256:3c44aab2955aa782789aa3b18de369f589b13622918e74f30f98a71303baa567 \
    --hash=sha256:4da2f571874f73c0ebc8460a865977421372caa3ec75ecbd2505d0e7360be211 \
    --hash=sha256:59b8163b938783deb9a16b4180862a877956a9bfee09b8310fd2c754eb9e9a56 \
    --hash=sha256:7995ee7601212256a46c991556ba1520fb3a752873dc1d88e3a3ebdca5c7afc1 \
    --hash=sha256:82df910af94858abbfe22d21731ebc9326534fdbdebe48c88614e69f9b571a1e \
    --hash=sha256:89fd8a3d6442d31289f4c48091304c972d624231b9ad0f20a1039905943fb0f1 \
    --hash=sha256:8b42a7bf1de572fc6d956032c8e0fd8b143da43d00c6472a22b7578a440e108a \
    --hash=sha256:96dee50204fc8daf0b955bb1e42a092f4bde2ab8c494dc2e9bf87bd3e302fe1a \
    --hash=sha256:a8f040a3246dabe277aa6b8f4776cec2b27ea4e51300c1da989bf4acdf4bcb65 \
    --hash=sha256:c2b4f4fdc9bcf6d399dbc464271632fb511d526825c0922b448b8dcd6dcac995 \
    --hash=sha256:c46f72ef6d2ab09bdeac1b83cc55b2ca0add3f3a5e40e47dcba1306b61a55d64 \
    --hash=sha256:c7b3d407cfbf75594a48302693d12ae08bcec768b6a37728d0f195f68fb2ef34 \
    --hash=sha256:f3c8026b86feecc0412c261e295f2ff70004680667047014552dc383a2b03c0f
itk-segmentation==5.4.7 \
    --hash=sha256:05954ee97e7df4da96b0195723d91baeba1907bcd1d5fc433e700c8dbb599f9f \
    --hash=sha256:0c6dff9bb3c90f5d0ce19b45dcc876920db012e3d5b8d45401a50774da241c28 \
    --hash=sha256:1393bfad55807673a7976eeb3edb4f77afd7ea003439b2ae5abe2ebd74f2ecd9 \
    --hash=sha256:2718a7d8dc3e22e752c0fe28266899d2cd179d6a4be91418b332367b3f92f215 \
    --hash=sha256:44098d7d72b60975d1919bf8bd707fd006b91f5a1a3bd20cd55fd98623e170a9 \
    --hash=sha256:4890b595773d12da7b93c43305a95da291279ff5711b6c8fc79cc105dc874260 \
    --hash=sha256:49822f2a84b9ea346fae21594de9a5aa201a5914ab0178f93a9ee2537a135bb1 \
    --hash=sha256:4ac62cb5e5d221e7a897ac242e79b5a5531811fcc4c59826e5ec687e6b36a5bd \
    --hash=sha256:4d48d79c1032554703b1bd1cd3529e8a7e5c0ee7c69b34efa02c875a58190a98 \
    --hash=sha256:51162aad2728fc009acac81cbcfa2ed21bd14ccfda74423806efee3a0c3f2506 \
    --hash=sha256:52d0517ebee2b087f2dd3f4c5fceb2213853bbd0579a247bb0c441782f4aa776 \
    --hash=sha256:741b83df58d70220380d1053cd96e1b7049b77dfa196c2493399ac54b2711e15 \
    --hash=sha256:778bc3d452fff90791a702763c733357d467e286b3674bb942a6083565b6d922 \
    --hash=sha256:79705efb3c160ad65648a2dff7a2ee8c5cafeb1af32aac5eaff9e481fbbac743 \
    --hash=sha256:89b652cf72364b0848bc26c62178bf37852ec7c0ab54fc4317eed311bb4e6628 \
    --hash=sha256:8b858cad67f2ced6813f937c6a25b49ca3673d8f0c0714a081c8d4caa4e9892c \
    --hash=sha256:9746ada767eac9f118b386b58c7e4416765683b3e5e9fe46e20c46d5db503754 \
    --hash=sha256:a1f6e52eb44b53f12602c04a4bce760d1d039ab8311cfac84f3580e917ae17e8
joblib==1.5.3 \
    --hash=sha256:5fc3c5039fc5ca8c0276333a188bbd59d6b7ab37fe6632daa76bc7f9ec18e713 \
    --hash=sha256:8561a3269e6801106863fd0d6d84bb737be9e7631e33aaed3fb9ce5953688da3
narwhals==2.24.0 \
    --hash=sha256:42fdedf44e5b2ca7505630d45b4ac3058f38d8485cba9fe1652ca23152df7489 \
    --hash=sha256:b5c0f684ccd9d7475b564111e319a4964abcf2baf79d3cf6b1003d06ac9b828d
nibabel==5.4.2 \
    --hash=sha256:553482c5f1e1034fc312edf6fb7f32236c0056439845d1c29293b7e8c98d4854 \
    --hash=sha256:d5f4b9076a13178ae7f7acf18c8dbd503ee1c4d5c0c23b85df7be87efcbb49da
nodejs-wheel-binaries==24.16.0 \
    --hash=sha256:2f3036292811514ba847b3708492644764f88a833ac425c5f55007014308ddfd \
    --hash=sha256:3d0370fe7120ce9697a4f60d40480d2bd8808d9f30131458d5afc0040d4e5a51 \
    --hash=sha256:8308940b5edd0a50dc5267ea36ba21c9f668e83fe0d9f293937174d3a7e31c36 \
    --hash=sha256:85dc92bbb79c851569c5925dcc2a4c915a034efab375f99e4e7e6bbe9cca8342 \
    --hash=sha256:bb136be9944f0662dcf1120f45193a6b75b13fac378971a95cc42c9f879a81aa \
    --hash=sha256:c973cb69dc5fd16e6f6dc6e579e2c3d5534e2a1f57619dddf5ba070efa7dde37 \
    --hash=sha256:d9f8f677dcf30e37ac244f07869726abe043f01eb0f45722b1df31cc2af7093c \
    --hash=sha256:db8a8a76ebd2b28ecbfc9ad464baa3707241b9e050a30e2efdf6f60c0f886502 \
    --hash=sha256:f1a3d8f7b4491cbbd023ba3fc4e901fcca2d9fb80d57f24ba3890de8b1dbac03
numpy==2.5.2 \
    --hash=sha256:0090ccdd57ec2703e9b49d0bf554767370581c1dd0a6b2bb2b2d9def317d042a \
    --hash=sha256:078f9b027b478c9379b9677babbf0f8b8f1ecfada27636d7b9a93990c638739f \
    --hash=sha256:07d4e89f3a9ab0a9ba24264ccdb642b3dd951b2281e8883a5481a4aa79cc31a7 \
    --hash=sha256:0a4035ae1129ff8777f08bfbd44f1e5d8e9c049ce0c2dd78fc0d92c13e7251c0 \
    --hash=sha256:0aadf13b60048d501e05fa699efaf7734e2494f3498a4c2a5521d822640324f3 \
    --hash=sha256:14e373cfc6387177e8409dac3c7159be8eb05cd77096cd7c950268b86f62831c \
    --hash=sha256:1ab3d4a901f844ea836c3e80bf463c6a27d7f3c14e8e292fcf28d348b25b9bce \
    --hash=sha256:24b9dc2e3d84aa58523798805194e23e736f3f6ce2d1a5b92583ae734e6dbda8 \
    --hash=sha256:27650bb0e7140fa3d37b9923b4803645e0b125d190f326eecfd3f4dad8e8ade1 \
    --hash=sha256:28ac63476ec7651484215ee7fa15a1f78b57c14621f01e392afe17b9a1390ce4 \
    --hash=sha256:29b86ff8a6cc556b47ec6b64b194815cc80e6bf5eedcc6cddfd65318cb0b4eee \
    --hash=sha256:29d81e97f668489cba8ebfd796b9bdd453525d35dd9e162e2daec94bf3fc7740 \
    --hash=sha256:2cc779226e476d1e1f08c74068c419e60f41a9e0e069c92f6671d31d5c985e98 \
    --hash=sha256:2ffa7bacab3e2ee1b19ed31766bb60bb380b68c23f051e199c5cc598afd68710 \
    --hash=sha256:318b9a4c845dbea06708a29c84ee429cc3065048db34cdb799047643492050ee \
    --hash=sha256:34c319e2963be042673fb46570501b2f06c41924e17e3563d58646b4380dfb68 \
    --hash=sha256:3a2f061cebd9e3d23bdcfaaded5e2293a4c6a5b60fa42df85d410a725ce621bf \
    --hash=sha256:3cdec01fa790a186d430433fdd4d4ffb70eed6f0eeb4bf05c8dbe2dce0a9bcb8 \
    --hash=sha256:3e4c367352d3747784248a227fbec218e193b56f7e6692e3b64fc805478ecfdf \
    --hash=sha256:40f4d451aed46a8046a1aae41c4e55fb3612273df9c502480135e1501576a34b \
    --hash=sha256:44ef9675d908e65f9953063837c3277730f3f4437615a4cdab67b366cabaf884 \
    --hash=sha256:4bbd96c833ecc8cc069ce518078fc8c60cb9cbfb0fea5b7a803ad65035596d03 \
    --hash=sha256:4ec954036759bcee3aa484f8603bd9c14f3e776293b85578b8734c2d72777c69 \
    --hash=sha256:4f9744f9fbdcea0bc552e8f19e1f141f811a3f9bc2be2cc6e86d982cab23e3f4 \
    --hash=sha256:50a68f4bacd8a2b33d8da3d2269d0d78500f86ea582e4786dc10f5ef2c2c6842 \
    --hash=sha256:50e500dc868e9313530ce12ba470fe50ff3afe3d62993ed6eff652dacd555b65 \
    --hash=sha256:52c808f96484f5571a5cc863775ce50247c17dfb3b0361f8ed6b4b0456f80080 \
    --hash=sha256:5f8e00be2ec6f45f4e8a41a527f68d44a7d96fee92a650e4d8b1326f77f61e6e \
    --hash=sha256:60e902ac295855348a5ca2ea4c89108989a9f5fddfad3dfc0a8f36b10358567e \
    --hash=sha256:65f188481f1669e26f62b701e8205d19e460fa4a9b52a1414ba382330e4a3414 \
    --hash=sha256:6950c4b7dd562453090548ba7f5da7e59f57f85663f15d5dcc60e249192f7e59 \
    --hash=sha256:6a9bb119fb8dd21ba30b3f0e555b7e2b081bd9883af21ec9c1c633d161cda3a8 \
    --hash=sha256:6b588cc8f902d6bff201c19fd00c43ab8545671e3554d014e12e14139e5e8617 \
    --hash=sha256:6df895598c0edcb41030126c89e0f353b07d93238116143b7405e937359736c4 \
    --hash=sha256:6e8172ddfcf5cf74b811d372b570b83c60bd2de87a6fbfbebdadb4a9bd9c6cbb \
    --hash=sha256:7354826bc6f8f69402e9b7fe28d15fcd34feebd74f856f111585c5b0c9fb0251 \
    --hash=sha256:7587f53dfbd5edc0f7b87c6217b4c6d2d1f2ef9c3da70bc1315e7db5f8d7ec9d \
    --hash=sha256:77843ca236b777e67f8d6b3660ea116e499612703a0ecd7093f316201eb9d8e2 \
    --hash=sha256:7999d4ddb0c4025018373fd787510d46e04c769467af22869707b3c1cfd459ab \
    --hash=sha256:85aaccb24182c25df891ad0ec333585967e115269d5f1b17f2c9ae005bc96657 \
    --hash=sha256:8e4cb9a754c8a0c62eaa88273a5fba3391f4a610d1dee893c0755da31c083f15 \
    --hash=sha256:8ee9c4eeb8454b3660a8b53493563c3e121c2fc94fbd72b848ef814ed7b676a9 \
    --hash=sha256:9a0731745a72a184490a582fb4af2533512bd071ace67785b5fdffc0ae58dce8 \
    --hash=sha256:9e9413326d726c2545bfa65d2c0876871e8d8386e77f992c1d426e180bbd4323 \
    --hash=sha256:a610dc7e3c52edd39c2bc2375ff9c3fd59cb3ad00e4472d36f83bc1457145788 \
    --hash=sha256:a839318485284a6fb31be4f8f2c91c8f2cb22f4543c4a8903f12b0671ffe07cc \
    --hash=sha256:afb3f0632d6b2e3ba04dbce8d1e48d321b369138b73830b5ca371a0e8d479d56 \
    --hash=sha256:b879fb674276e331513fb136b78dbc6bd3c848309e0d841cfd63be3896c4cfc1 \
    --hash=sha256:b9727f472d2f3888053b8a75ab0cb94745a9de224bb5846dbadc0092101bc71d \
    --hash=sha256:ba0a474801b8dc67b66bf465548abc90e82b44d2611b5770f33008dcabffe8ec \
    --hash=sha256:bd68ece1553d2023c09a4226d9e41c586ad2d20594d1a456186c33513d2cb3f2 \
    --hash=sha256:c081cbe16ba1ab53078e5ff29013621e33c509eedab055775d956427712c236e \
    --hash=sha256:c1f017dc0875c9209d219f97feceb7d54c2661bb243deb4114478e1295808af7 \
    --hash=sha256:cebc2d6dbb605a7703d59751dea4bd6b0ab127a5a4338a6f432df1936fef8b26 \
    --hash=sha256:cf7de32f486e4ac9e2d93b810f9e9ac72a728dd46a32a0bb403222f27f653514 \
    --hash=sha256:d482d171c406ae88c5b19cad3b6a1c4c5209f886ab74bc44c2c865c23f52d860 \
    --hash=sha256:d6a48072864e3324e194a8fbb3c657bcc5b5c869dbc64c9537b1d5c862572c0a \
    --hash=sha256:d787cf769c3baeb5f6235e778edb52c08dfa923789b5958f28e6450f96107cb1 \
    --hash=sha256:dc649493697006bc90614a5f0bbc8cb3cb1866715c474e473694968d7e6b99ab \
    --hash=sha256:ddf47472af2e4280d79bac82304f5e80150211f1b9e614b760061d5fdfbb6eba \
    --hash=sha256:e5651f3f87add730ee6608d915009e19c911fba0cb000c7e3ea994b7d768eb12 \
    --hash=sha256:e79aba74ffaf5f78a050d777c184cddf8fdffabab38acf5f3ef1fecbc17895d6 \
    --hash=sha256:eaa088384c46f519dacb93b7ec483a6d6b19a4a2085ae4f25ab9b1c43d387d1e \
    --hash=sha256:eaca7ff36f0f52e2111ec71f169d8fd3e889e7ddc0d2592e0d703fd8d3ce8fac \
    --hash=sha256:f06571a052127dc1b4e8b83029b4d1b20daa2b64a31cdd181fc6bc774e9000eb \
    --hash=sha256:fd0d703772bba096843785bd38371e31bb4a0c1151497ad5739d182114a73f7f
packaging==26.3 \
    --hash=sha256:94edc256424af38762eb31306eed28beb9f0efc50a8837492c9d6fd6004aed79 \
    --hash=sha256:d7193f7c8e4e93f444fde0262bf90af30e16fa0ad0ad44cb553c87339b23cd1c
pillow==12.3.0 \
    --hash=sha256:00808c5e14ef63ac5161091d242999076604ff74b883423a11e5d7bbb38bf756 \
    --hash=sha256:04f01d28a6aaff387bf842a13be313df23ba0597a44f1a976c9feb3c6ff4711a \
    --hash=sha256:06ff022112bc9cbf83b60f8e028d94ad87b60621706487e65f673de61610ab59 \
    --hash=sha256:0740a512dc522224c77d9aa5a8d70d8b7d73fb91f2c21125d8d025d3b8990e45 \
    --hash=sha256:0847a763afefb695bc912d7c131e7e0632d4edc1d8698f58ddabec8e46b8b6d3 \
    --hash=sha256:0dd2064cbc55aaec028ef5fbb60fa47bb6c3e7918e07ff17935284b227a9d2df \
    --hash=sha256:0feb2e9d6ad6c9e3c06effe9d00f3f1e618a6643273576b016f591e9315a7139 \
    --hash=sha256:10e41f0fbf1eec8cfd234b8fe17a4caac7c9d0db4c204d3c173a8f9f6ef3232b \
    --hash=sha256:1182d52bc2d5e5d7d0949503aa7e36d12f42205dc287e4883f407b1988820d39 \
    --hash=sha256:164b31cd1a0490ab6efae01aa5df49da7061be0af1b30e035b6e9a1bfe34ee6e \
    --hash=sha256:1657923d2d45afb66526e5b933e5b3052e6bdea196c90d3abb2424e18c77dae8 \
    --hash=sha256:186941b6aef820ad110fb01fb06eb925374dc3a21b17e37ec9a53b250c6fe2d1 \
    --hash=sha256:1cca606cd25738df4ed873d5ad46bbdb3d83b5cbca291f6b4ff13a4df6b0bbe8 \
    --hash=sha256:21900ce7ba264168cd50defae43cd75d25c833ad4ad6e73ffc5596d12e25ac89 \
    --hash=sha256:236ff70b9312fb68943c703aa842ca6a758abfa45ac187a5e7c1452e96ef72b5 \
    --hash=sha256:23aceaa007d6172b02c277f0cd359c79492bbb14f7072b4ede9fbcaf20648130 \
    --hash=sha256:23d27a3e0307ec2244cc51e7287b919aa68d097504ebe19df4e76a98a3eea5bd \
    --hash=sha256:24870b09b224f7ae3c39ed07d10e819d06f8720bc551847b1d623832b5b0e28d \
    --hash=sha256:251bf95b67017e27b13d82f5b326234ca62d70f9cf4c2b9032de2358a3b12c7b \
    --hash=sha256:25b9b82bb22e6e2b3cd07b39c68b7b862001226cb3dff7130d1cb914121b39ed \
    --hash=sha256:28ce87c5ab450a9dd970b52e5aca5fe63ed432d18a2eaddd1979a00a1ba24ace \
    --hash=sha256:300557495eb45ebb8aec96c2da9c4be642fbf7cd937278b4013ba894ea8eb0eb \
    --hash=sha256:30f2aa603c41533cc25c05acd0da21636e84a315768feb631c937177db558931 \
    --hash=sha256:331b624368d4f1d069149002f25f44bc61c8919ce8ddb3c45bdad8f6e2d89510 \
    --hash=sha256:37d6d0a00072fd2948eb22bce7e1475f34569d90c87c59f7a2ec59541b77f7a6 \
    --hash=sha256:37dc8f7bbb66efe481bb60defacef820c950c24713fb44962ed6aa2a50966de1 \
    --hash=sha256:3b8182a766685eaa002637e28b4ec8d6b18819a0c71f579bf0dbaa5830297cce \
    --hash=sha256:3edce1d53195db527e0191f84b71d02022de0540bf43a16ed734ed7537b07385 \
    --hash=sha256:446c34dcc4324b084a53b705127dc15717b22c5e140ae0a3c38349d4efec071e \
    --hash=sha256:4998562bf62a445225f22e07c896bb04b35b1b1f2eb6d760584c9c51d7a5f78c \
    --hash=sha256:4b0a7fe987b14c31ebda6083f74f22b561fd3739bc0ac51e019622e3d72668c7 \
    --hash=sha256:4e8c2a84d977f50b9daed6eeaf3baef67d00d5d74d932288f02cb94518ee3ace \
    --hash=sha256:4f883547d4b7f0495ebe7056b0cc2aea76094e7a4abc8e933540f3271df27d9c \
    --hash=sha256:514435a37670e3e5e08f3945b68718b6ed329bb84367777e16f9f4dfe1e61a0f \
    --hash=sha256:53aa02d20d10c3d814d536aa4e5ac9b84ca0ff5a88377963b085ad6822f93e64 \
    --hash=sha256:5594fc43d548a7ed94949d139aa1341b270f1863f11cfd37f5a6c8b778a6b67f \
    --hash=sha256:571b9fcb07b97ef3a492028fb3d2dc0993ca23a06138b0315286566d29ef718a \
    --hash=sha256:57b3d78c95ba9059768b10e28b813002261d3f3dfc55cc48b0c988f625175827 \
    --hash=sha256:5afb51d599ea772b8365ae807ae557f18bccfe46ab261fd1c2a9ed700fc6eb17 \
    --hash=sha256:6b02afb9b97f65fbca5f31db6a2a3ba21aa93030225f150fa3f249717e938fb4 \
    --hash=sha256:6c0016e7b354317c4e9e525b937ac8596c38d2d232b419529b9cd7a1cd46e39a \
    --hash=sha256:71d6097b330eea8fd15097780c8e89cb1a8ce7838669f48c5bacd6f663dd4701 \
    --hash=sha256:756c768d0c9c2955feb7a56c37ea24aea2e369f8d36a88da270b6a9f19e62b5e \
    --hash=sha256:78cb2c6865a35ab8ff8b75fd122f6033b92a62c82801110e48ddd6c936a45d91 \
    --hash=sha256:7a743ff716f746fc19a9557f60dab1600d4613255f8a7aeb3cdde4db7eb15a66 \
    --hash=sha256:85f998ea1848bc6757289e739cfbdda3a04adfd58b02fc018ce54d754a5ce468 \
    --hash=sha256:8728f216dcdb6e6d555cf971cb34076139ad74b31fc2c14da4fafc741c5f6217 \
    --hash=sha256:877c3f311ff35410f690861c4409e7ccbf0cd2f878e50628a28e5a0bb689e658 \
    --hash=sha256:8cd2f7bdda092d99c9fc2fb7391354f306d01443d22785d0cbfafa2e2c8bb418 \
    --hash=sha256:8e95e1385e4998ae9694eeaa4730ba5457ff61185b3a55e2e7bea0880aef452a \
    --hash=sha256:962864dc93511324d51ddbb5b9f8731bf71675b93ca612a07441896f4688fb8c \
    --hash=sha256:9cf95fe4d0f84c82d282745d9bb08ad9f926efa00be4697e767b814ce40d4330 \
    --hash=sha256:9e881fca225083806662a5c43d627d215f258ff43c890f831966c7d7ba9c7402 \
    --hash=sha256:a2b55dd6b2a4c4b7d87ffa56bdb33fdc5fdb9a462173861a7bc097f17d91cb09 \
    --hash=sha256:a45650e8ce7fafffd731db8550230db6b0d306d181a90b67d3e6bca2f1990930 \
    --hash=sha256:a876864214e136f0eb367788dbd7df045f4806801518e2cfe9e13229cfe06d8f \
    --hash=sha256:ae26d61dfa7a47befdc7572b521024e8745f3d809bd95ca9505a7bba9ef849ec \
    --hash=sha256:af8d94b0db561cf68b88a267c5c44b49e134f525d0dc2cb7ed413a66bc23559a \
    --hash=sha256:b343699e8308bdc51978310e1c959c584e7869cc8c40780058c87da7781a1e94 \
    --hash=sha256:b3c777e849237620b022f7f297dd67705f9f5cf1685f09f02e46f93e92725468 \
    --hash=sha256:b629de27fda84b42cde7edef0d85f13b958b47f6e9bbcbba9b673c562a89bd8b \
    --hash=sha256:ba09209fbe443b4acccebe845d8a138b89a8f4fbaeedd44953490b5315d5e965 \
    --hash=sha256:ba54cfebe86920a559a7c4d6b9050791c20513650a1952ebe3368c7dc70306f8 \
    --hash=sha256:bcb46e2f9feff8d06323983bd83ed00c201fdcab3d74973e7072a889b3979fcd \
    --hash=sha256:bcc33feacfaefce60c12fd500a277533bdc02b10a19f7f6d348763d8140bbba7 \
    --hash=sha256:bf16ba1b4d0b6b7c8e534936632270cf70eb00dbe09005bc345b2677b726855c \
    --hash=sha256:cf1845d02ad822a369a49f2bb9345b1614744267682e7a03527dc3bf6eea1777 \
    --hash=sha256:d69141514cc30b774ceea5e3ed3a6635c8d8a96edf664689b890f4089111fb35 \
    --hash=sha256:d9c7f76c0673154f044e9d78c8655fb4213f6ca31a836df48b40fe5d187717b9 \
    --hash=sha256:dbce0b29841537a2fa4a214c2bbf14de3587c9680caa9b4e217568472490b28f \
    --hash=sha256:dc624f6bc473dacdf7ef7eb8678d0d08edf15cd94fad6ae5c7d6cc67a4e4902f \
    --hash=sha256:e158cb00350dc278f3b91551101aa7d12415a66ebf2c91d8d5ac14e56ddd3ad0 \
    --hash=sha256:e491916b378fba47242221bb9ead245211b70d504f495d105d17b14a24b4907c \
    --hash=sha256:e795b7eb908249c4e43c7c99fac7c2c75dab0c43566e37db472a355f63693d71 \
    --hash=sha256:e7e480451b9fa137494bccd3a7d69adbe8ac65a87d97be61e11f1b1050a5bac3 \
    --hash=sha256:e91206ee562682b51b98ef4b26a6ef48fd84e15fd4c4bc5ec768eb641d206838 \
    --hash=sha256:e9871b1ffbfa9656b60aeee92ed5136a5742696006fa322b29ea3d8da0ecc9cf \
    --hash=sha256:e9aeb04d6aef139de265b29683e119b638208f88cf73cdd1658aa07221165321 \
    --hash=sha256:ebaea975e03d3141d9d3a507df75c9b3ec90fa9d2ffd07567b3a978d9d790b26 \
    --hash=sha256:f0606c8bf2cdefea14a43530f7657cbbb7ecf1c4222512492ef4a4434a9501ec \
    --hash=sha256:f13c32a3abd6079a66d9526e18dad9b6d280384d49d7c54040cd57b6424041d9 \
    --hash=sha256:f7401aebd7f581d7f83a439d87d474999317ee099218e5ad25d125290990ba65 \
    --hash=sha256:fa4ecea169a355be7a3ade2c783e2ed12f0e40d2c5621cda8b3297faf7fbb9f5 \
    --hash=sha256:fbd139c8447d25dd750ab79ee274cc5e1fe80fc56340ab10b18a195e1b6eca3e \
    --hash=sha256:fdafc9cce40277e0f7a0feabce0ee50dd2fa1800f3b38015e51296b5e814048d \
    --hash=sha256:fe3cca2e4e8a592be0f269a1ca4835c25199d9f3ce815c8491048f785b0a0198 \
    --hash=sha256:ffd0c5368496f41b0944be820fcb7a838aa6e623d250b01acf2643939c3f99d7
pluggy==1.6.0 \
    --hash=sha256:7dcc130b76258d33b90f61b658791dede3486c3e6bfb003ee5c9bfb396dd22f3 \
    --hash=sha256:e920276dd6813095e9377c0bc5566d94c932c33b27a3e3945d8389c374dd4746
pydicom==3.0.2 \
    --hash=sha256:5942bfc2d72c6fa4b3b5b62c527f54b7f2355f21d6f5d296df6bb30188df6a4f \
    --hash=sha256:abf971a5440f84dbaf42c4b6758e30e62480902584f8b270b9a5d146e278a07b
pygments==2.20.0 \
    --hash=sha256:6757cd03768053ff99f3039c1a36d6c0aa0b263438fcab17520b30a303a82b5f \
    --hash=sha256:81a9e26dd42fd28a23a2d169d86d7ac03b46e2f8b59ed4698fb4785f946d0176
pytest==9.1.1 \
    --hash=sha256:1088fbde8f2b49d95a549a195707afa7a76a3ce9bcadc26b6d71f0ffda5fe313 \
    --hash=sha256:37a86b45efb9a47a61a36449063e8e18d0cab3161329fc099eb21783169c4f0c
scikit-learn==1.9.0 \
    --hash=sha256:051075bda8b7aab87b1906ab3d4740a1e1224a19d7b3781a576736edc94e76aa \
    --hash=sha256:056c92bb67ad4c28463c2f2653d9701449201e7e7a9e94e321be0f71c4fef2b8 \
    --hash=sha256:147e9329ef0e39f75d4cffa02b2aa48d827832684926cd5210d9a2cb5c57246b \
    --hash=sha256:1b944b6db288f6b926e3650026ddafb988929de95d11fc2cc5fa117773c9ba42 \
    --hash=sha256:1fea2cc5677ab49d6f5bade978c866da44957b712d92e9635e8b4f723013c3cb \
    --hash=sha256:24360002ae845e7866522b0a5bbf690802e7bc388cac8663502e78aa98598aa2 \
    --hash=sha256:26e22435f63bcdcf396b574273f29f13dd531f5ea035801f5be10ba1540a4e60 \
    --hash=sha256:2bd41b0d201bc81575531b96b713d3eb5e5f50fb0b82101ff0f92294fdc236ac \
    --hash=sha256:366652351f092b219c248f1e72821e841960a63d8f358f1dcfd54dc1cbdbbc28 \
    --hash=sha256:38c3dcb9a1ffb85505ec53d54c7b4aea0cff70050425a7760c2af661ac85df05 \
    --hash=sha256:4306775fad04cc4b472a1b15af1ae9cede1540fbfcc17fbce3767cd8dc7ae283 \
    --hash=sha256:4ccacf04ca5f4b492158a5f28afe0ace43f81b2571e4b9a66d34848b46128949 \
    --hash=sha256:5162ad10a418c8a282dde04c9aa06965de3e9a65f33c1440c0ae69bb1a09d913 \
    --hash=sha256:5808d98f15c6bf6d9d96d2348c1997392a5888ce7097e664105f930c4bca1277 \
    --hash=sha256:5b934c45c252844a91d69fda3a34cff5e7307e1db10d77cb10a3980312c74713 \
    --hash=sha256:5bad8f8b9950321b54c965fdcbac6c6c55e79e16646b49977bcf3668d3870a1a \
    --hash=sha256:5be45aa4a42a68a533913a6ed736cf309de2226411c79ef8d609a5456f1939b1 \
    --hash=sha256:5dc1818c77575d149e25fce9ef82dd7b7263ae372f03494158668ad632a69759 \
    --hash=sha256:5e50ed4da51974e86e940690e9a3d82e729b62b5a49f7c9bac534d515d39d86f \
    --hash=sha256:64fa347efc1c839c487433e40c5144d38c336e8a2b59c81aa8660373945c2673 \
    --hash=sha256:78fc56eafd4edb9575d2d8950d1dd152061abb573341a1cb7e099fc40f6c6666 \
    --hash=sha256:80746d63bd4b6eaca54d36fe5feaf4d28bb38dc6f9470f81c7cad7c40155f119 \
    --hash=sha256:8833266989d3a5110178a9fae30783675460724d0e1efb13b14901d2c660c557 \
    --hash=sha256:9656acd4e93f74e0b66c8a36c88830a99252dfa900044d36bc2212ae89a47162 \
    --hash=sha256:9db6f4d34e68c8899e4cab27fdf8eafe6ed21f2ba52ceb25ea250cd237f8e47b \
    --hash=sha256:d77f54c017633791bc0225a43e2f8d03745fdcfe4880268fcc4df15f505dec2e \
    --hash=sha256:da76d09304a4706db7cc1e3ebaa3b6b98a67365cc11d2996c4f1e58ba47df714 \
    --hash=sha256:ee1a8db2c18c08e34c7412d4b10be1cac214cd4ea7dc9715a6a327eb49a37c96 \
    --hash=sha256:f401448645a3e7bc115aa3c094097865155b34bff1cba8101857d9104e99074c \
    --hash=sha256:f7e254636164090da847715a27f8e5478feb98c40a9e0ee90cbd277de9e5ceb8 \
    --hash=sha256:fd3a8ef0c758555a3b23c03adaa858af32f7736785ded50ad5991f59c4ed03fa
scipy==1.18.0 \
    --hash=sha256:09143f676d157d9f546d663504ef9c1becb819824f1afc018814176411942446 \
    --hash=sha256:0d13bca67c096d89fb95ced0d8921807300fce0275643aef9533cc63a0773468 \
    --hash=sha256:18e9575f1569b2c54174e6159d32942e03731177f63dce7975f0a0c88d102f5b \
    --hash=sha256:1a4441f15d620578772a49e5ab48c0ee1f7a0220e387110283062729136b2553 \
    --hash=sha256:1ad44305cfa24b1ba5803cbbebf033590ccbac1aa5d612d727b785325ab408b0 \
    --hash=sha256:1afac4a847207c7ff8efd321734a50b06d0280b3b2a2c0fc2f413101747ad7c7 \
    --hash=sha256:1f55797419e16e7f30cf88ffb3113ce0467f00cfe3f70d5c281730b21769bfc2 \
    --hash=sha256:265915e79107de9f946b855e50d7470d5893ec3f54b342e1aa6201cbdcd8bb6b \
    --hash=sha256:2d8bbdc6c817f5b4006a54d799d4f5bab6f910193cbb9a1ff310833d4d270f61 \
    --hash=sha256:2ef3abc54a4ffc53765374b0d5728532dfdd2585ed23f6b11c206a1f0b1b9af8 \
    --hash=sha256:368e0a705903c466aa5f08eefb39e6b1b6b2d659e7352a31fd9e2438365be0f8 \
    --hash=sha256:3f1ac564d3bf6c03d861d2cd87a1bea0da2887136f7fb1bf519c05a8971452d6 \
    --hash=sha256:40395a5fcd1abee49a5c7aaa98c29db393eedc835138560a588c47ec16156690 \
    --hash=sha256:4a55985d54c769c872e64b7f4c8a81cc30ef700cc04296abbbf3705439c126de \
    --hash=sha256:4c256ee70c0d1a8a2ace807e199ccd4e3f57037433842abb3fb36bc17eaa9578 \
    --hash=sha256:52a96e21517c7292375c0e27dd796a811f03fcea5fd4d108fdfea8145dcf17ab \
    --hash=sha256:56abf29a7c067dde59be8b9a22d606a4ea1b2f2a4b756d9d903c62818f5dacce \
    --hash=sha256:5aba46108853ddfc77906b6557aac839d2b52e900c1d72a1180adaaab58d265f \
    --hash=sha256:5efe260f69417b97ddae455bfb5a95e8359f7f66ad7fa9522a60feb66f169520 \
    --hash=sha256:67b2ad2ad54c72ca6d04975a9b2df8c3638c34ddd5b28738e94fc2b57929d378 \
    --hash=sha256:68363b7eaacd8b5dd426df56d782cc156468ac79a127a1b87ca597d6e2e82197 \
    --hash=sha256:6aa94e78ec192a30063a5e72e561c28af769dc311190b24fe91774eff1969709 \
    --hash=sha256:71ccc8faa2dd16ac310233203474a8b5cb67f10dedd54a3116d34943f4b19132 \
    --hash=sha256:7a7f3b01647384dbc3a711e8c6778e0aabbe93959249fef5c7393396bcac0867 \
    --hash=sha256:7bd21faaf5a1a3b2eff922d02db5f191b99a6518db9078a8fb23169f6d22259a \
    --hash=sha256:7c7a51b33ce387193c97f228320cf8e87361daa1bba750638677729598b3e677 \
    --hash=sha256:84031d7b052a54fae2f8632e0ec802073d385476eb9a63079bce6e23ef9283d4 \
    --hash=sha256:8ca01e8ae69f1b18e9a58d91afead31be3cef0dd905a10249dac559ee15460a0 \
    --hash=sha256:945c1761b93f38d7f99ae81ae80c63e621471608c7eeead563f6df025585cd58 \
    --hash=sha256:97b6cddaaee0a779ef6b5ca83c9604b27cc16b2b8fc22c142652df8793319fb8 \
    --hash=sha256:9aac6192fac56bf2ca534389d24623f07b39ff83317d58287285e7fbd622ff76 \
    --hash=sha256:9ab7b758be6940954a713ee466e2043e9f6e2ed965c1fce5c91039f4be3d90a9 \
    --hash=sha256:a46f9273dbd0eb1cefba61c9b8648b4dfe3cbc14a080176f9a73e44b8336dc7f \
    --hash=sha256:ad033410e2e0672ffdc1042110cef20e1c46f8fd0616cee1d44d8d58fad8fc11 \
    --hash=sha256:b6f758e35f12757b5d95c00bc6de2438e229c2664b7a92e96f205959d9f2dfa4 \
    --hash=sha256:c5557d8be5da8e41353fcd4d21491fdbab83b062fc579e94dc09a7c8ab4f669b \
    --hash=sha256:c5dbddf60e58c2312316d097271a8e73d40eaf2eabfa4d95ed7d3695bbf2ce7b \
    --hash=sha256:d88363fd9d8fbd3511bd273f1a49efb2a540773ddf92a91d57498ce7dd7f3e76 \
    --hash=sha256:e40baea28ae7f5475c779741e2d90b1247c78531207b49c7030e698ff81cee3f \
    --hash=sha256:f2a6af57bd9e4a75d70e4117e78a1bbee84f79ae3fbb6d0111005d6ebcc4cb8d \
    --hash=sha256:f351e0dd702687d12a402b867a1b4146a256923e1c38317cbc472f6372b94707
threadpoolctl==3.6.0 \
    --hash=sha256:43a0b8fd5a2928500110039e43a5eed8480b918967083ea48dc3ab9f13c4a7fb \
    --hash=sha256:8ab8b4aa3491d812b623328249fab5302a68d2d71745c8a4c719a2fcaba9f44e
